
Microsoft Visual Studio Solution File, Format Version 12.00
# Visual Studio Version 17
VisualStudioVersion = 17.11.35327.3
MinimumVisualStudioVersion = 10.0.40219.1
Project("{9A19103F-16F7-4668-BE54-9A1E7A4F7556}") = "ADNTester.Api", "ADNTester.Api\ADNTester.Api.csproj", "{C7DE08E6-A76F-40DA-BAA1-D9F623AC30D2}"
EndProject
Project("{9A19103F-16F7-4668-BE54-9A1E7A4F7556}") = "ADNTester.BO", "ADNTester.BO\ADNTester.BO.csproj", "{C08A67C3-F8AD-433F-BD67-C65521BB723D}"
EndProject
Project("{9A19103F-16F7-4668-BE54-9A1E7A4F7556}") = "ADNTester.Repository", "ADNTester.Repository\ADNTester.Repository.csproj", "{966DD5C1-BFCF-4E1B-AC71-AC840B352330}"
EndProject
Project("{9A19103F-16F7-4668-BE54-9A1E7A4F7556}") = "ADNTester.Service", "ADNTester.Service\ADNTester.Service.csproj", "{48D63BA7-3C5C-4952-9ED3-390CA5B3C81F}"
EndProject
Project("{E53339B2-1760-4266-BCC7-CA923CBCF16C}") = "docker-compose", "docker-compose.dcproj", "{219F0136-B9FA-44BA-B7A1-BEAAC8EF6ECA}"
EndProject
Global
	GlobalSection(SolutionConfigurationPlatforms) = preSolution
		Debug|Any CPU = Debug|Any CPU
		Release|Any CPU = Release|Any CPU
	EndGlobalSection
	GlobalSection(ProjectConfigurationPlatforms) = postSolution
		{C7DE08E6-A76F-40DA-BAA1-D9F623AC30D2}.Debug|Any CPU.ActiveCfg = Debug|Any CPU
		{C7DE08E6-A76F-40DA-BAA1-D9F623AC30D2}.Debug|Any CPU.Build.0 = Debug|Any CPU
		{C7DE08E6-A76F-40DA-BAA1-D9F623AC30D2}.Release|Any CPU.ActiveCfg = Release|Any CPU
		{C7DE08E6-A76F-40DA-BAA1-D9F623AC30D2}.Release|Any CPU.Build.0 = Release|Any CPU
		{C08A67C3-F8AD-433F-BD67-C65521BB723D}.Debug|Any CPU.ActiveCfg = Debug|Any CPU
		{C08A67C3-F8AD-433F-BD67-C65521BB723D}.Debug|Any CPU.Build.0 = Debug|Any CPU
		{C08A67C3-F8AD-433F-BD67-C65521BB723D}.Release|Any CPU.ActiveCfg = Release|Any CPU
		{C08A67C3-F8AD-433F-BD67-C65521BB723D}.Release|Any CPU.Build.0 = Release|Any CPU
		{966DD5C1-BFCF-4E1B-AC71-AC840B352330}.Debug|Any CPU.ActiveCfg = Debug|Any CPU
		{966DD5C1-BFCF-4E1B-AC71-AC840B352330}.Debug|Any CPU.Build.0 = Debug|Any CPU
		{966DD5C1-BFCF-4E1B-AC71-AC840B352330}.Release|Any CPU.ActiveCfg = Release|Any CPU
		{966DD5C1-BFCF-4E1B-AC71-AC840B352330}.Release|Any CPU.Build.0 = Release|Any CPU
		{48D63BA7-3C5C-4952-9ED3-390CA5B3C81F}.Debug|Any CPU.ActiveCfg = Debug|Any CPU
		{48D63BA7-3C5C-4952-9ED3-390CA5B3C81F}.Debug|Any CPU.Build.0 = Debug|Any CPU
		{48D63BA7-3C5C-4952-9ED3-390CA5B3C81F}.Release|Any CPU.ActiveCfg = Release|Any CPU
		{48D63BA7-3C5C-4952-9ED3-390CA5B3C81F}.Release|Any CPU.Build.0 = Release|Any CPU
		{219F0136-B9FA-44BA-B7A1-BEAAC8EF6ECA}.Debug|Any CPU.ActiveCfg = Debug|Any CPU
		{219F0136-B9FA-44BA-B7A1-BEAAC8EF6ECA}.Debug|Any CPU.Build.0 = Debug|Any CPU
		{219F0136-B9FA-44BA-B7A1-BEAAC8EF6ECA}.Release|Any CPU.ActiveCfg = Release|Any CPU
		{219F0136-B9FA-44BA-B7A1-BEAAC8EF6ECA}.Release|Any CPU.Build.0 = Release|Any CPU
	EndGlobalSection
	GlobalSection(SolutionProperties) = preSolution
		HideSolutionNode = FALSE
	EndGlobalSection
	GlobalSection(ExtensibilityGlobals) = postSolution
		SolutionGuid = {39D650F0-6F06-4455-9DBF-6A3BA86BA848}
	EndGlobalSection
EndGlobal
